Microsoft Visual Studio Solution File, Format Version 12.00
# Visual Studio Version 17
VisualStudioVersion = 17.5.2.0
MinimumVisualStudioVersion = 10.0.40219.1
Project("{FAE04EC0-301F-11D3-BF4B-00C04F79EFBC}") = "DataCleanUpActivity", "DataCleanUpActivity.csproj", "{658C62A1-ED53-FE75-0EB9-122A1A02223B}"
EndProject
Global
	GlobalSection(SolutionConfigurationPlatforms) = preSolution
		Debug|Any CPU = Debug|Any CPU
		Release|Any CPU = Release|Any CPU
	EndGlobalSection
	GlobalSection(ProjectConfigurationPlatforms) = postSolution
		{658C62A1-ED53-FE75-0EB9-122A1A02223B}.Debug|Any CPU.ActiveCfg = Debug|Any CPU
		{658C62A1-ED53-FE75-0EB9-122A1A02223B}.Debug|Any CPU.Build.0 = Debug|Any CPU
		{658C62A1-ED53-FE75-0EB9-122A1A02223B}.Release|Any CPU.ActiveCfg = Release|Any CPU
		{658C62A1-ED53-FE75-0EB9-122A1A02223B}.Release|Any CPU.Build.0 = Release|Any CPU
	EndGlobalSection
	GlobalSection(SolutionProperties) = preSolution
		HideSolutionNode = FALSE
	EndGlobalSection
	GlobalSection(ExtensibilityGlobals) = postSolution
		SolutionGuid = {A66CC96F-362C-4C50-8AD8-D24808001FEF}
	EndGlobalSection
EndGlobal
